
Microsoft Visual Studio Solution File, Format Version 12.00
# Visual Studio Version 17
VisualStudioVersion = 17.2.32505.173
MinimumVisualStudioVersion = 10.0.40219.1
Project("{FAE04EC0-301F-11D3-BF4B-00C04F79EFBC}") = "DJSite", "DJSite.csproj", "{047EEEBC-F465-486F-A5A5-32A262DC952A}"
EndProject
Global
	GlobalSection(SolutionConfigurationPlatforms) = preSolution
		Debug|Any CPU = Debug|Any CPU
		Release|Any CPU = Release|Any CPU
	EndGlobalSection
	GlobalSection(ProjectConfigurationPlatforms) = postSolution
		{047EEEBC-F465-486F-A5A5-32A262DC952A}.Debug|Any CPU.ActiveCfg = Debug|Any CPU
		{047EEEBC-F465-486F-A5A5-32A262DC952A}.Debug|Any CPU.Build.0 = Debug|Any CPU
		{047EEEBC-F465-486F-A5A5-32A262DC952A}.Release|Any CPU.ActiveCfg = Release|Any CPU
		{047EEEBC-F465-486F-A5A5-32A262DC952A}.Release|Any CPU.Build.0 = Release|Any CPU
	EndGlobalSection
	GlobalSection(SolutionProperties) = preSolution
		HideSolutionNode = FALSE
	EndGlobalSection
	GlobalSection(ExtensibilityGlobals) = postSolution
		SolutionGuid = {E52ED1CA-3465-42D9-A171-77348C4A49DD}
	EndGlobalSection
EndGlobal
